
Microsoft Visual Studio Solution File, Format Version 12.00
# Visual Studio Version 17
VisualStudioVersion = 17.9.34728.123
MinimumVisualStudioVersion = 10.0.40219.1
Project("{9A19103F-16F7-4668-BE54-9A1E7A4F7556}") = "SIERRHH", "SIERRHH\SIERRHH.csproj", "{B5BC4FBF-D47D-4DF9-91A5-2EF5854DF57C}"
EndProject
Project("{2150E333-8FDC-42A3-9474-1A3956D46DE8}") = "Elementos de la solución", "Elementos de la solución", "{4F1CBFCF-2E94-41B1-BD66-80D088A4C0FC}"
	ProjectSection(SolutionItems) = preProject
		.gitignore.txt = .gitignore.txt
	EndProjectSection
EndProject
Global
	GlobalSection(SolutionConfigurationPlatforms) = preSolution
		Debug|Any CPU = Debug|Any CPU
		Release|Any CPU = Release|Any CPU
	EndGlobalSection
	GlobalSection(ProjectConfigurationPlatforms) = postSolution
		{B5BC4FBF-D47D-4DF9-91A5-2EF5854DF57C}.Debug|Any CPU.ActiveCfg = Debug|Any CPU
		{B5BC4FBF-D47D-4DF9-91A5-2EF5854DF57C}.Debug|Any CPU.Build.0 = Debug|Any CPU
		{B5BC4FBF-D47D-4DF9-91A5-2EF5854DF57C}.Release|Any CPU.ActiveCfg = Release|Any CPU
		{B5BC4FBF-D47D-4DF9-91A5-2EF5854DF57C}.Release|Any CPU.Build.0 = Release|Any CPU
	EndGlobalSection
	GlobalSection(SolutionProperties) = preSolution
		HideSolutionNode = FALSE
	EndGlobalSection
	GlobalSection(ExtensibilityGlobals) = postSolution
		SolutionGuid = {3DE65052-DAFD-494B-8A95-30EC3D09C70A}
	EndGlobalSection
EndGlobal
